
Microsoft Visual Studio Solution File, Format Version 12.00
# Visual Studio 2017
Project("{FAE04EC0-301F-11D3-BF4B-00C04F79EFBC}") = "SpaceS", "SpaceS.csproj", "{A6662F9F-6A50-BFB6-A4B7-64115501E6A0}"
EndProject
Project("{FAE04EC0-301F-11D3-BF4B-00C04F79EFBC}") = "SpaceS.Editor", "SpaceS.Editor.csproj", "{9DE1C60E-0F8C-FD83-1160-2486AFE4010E}"
EndProject
Global
	GlobalSection(SolutionConfigurationPlatforms) = preSolution
		Debug|Any CPU = Debug|Any CPU
		Release|Any CPU = Release|Any CPU
	EndGlobalSection
	GlobalSection(ProjectConfigurationPlatforms) = postSolution
		{A6662F9F-6A50-BFB6-A4B7-64115501E6A0}.Debug|Any CPU.ActiveCfg = Debug|Any CPU
		{A6662F9F-6A50-BFB6-A4B7-64115501E6A0}.Debug|Any CPU.Build.0 = Debug|Any CPU
		{A6662F9F-6A50-BFB6-A4B7-64115501E6A0}.Release|Any CPU.ActiveCfg = Release|Any CPU
		{A6662F9F-6A50-BFB6-A4B7-64115501E6A0}.Release|Any CPU.Build.0 = Release|Any CPU
		{9DE1C60E-0F8C-FD83-1160-2486AFE4010E}.Debug|Any CPU.ActiveCfg = Debug|Any CPU
		{9DE1C60E-0F8C-FD83-1160-2486AFE4010E}.Debug|Any CPU.Build.0 = Debug|Any CPU
		{9DE1C60E-0F8C-FD83-1160-2486AFE4010E}.Release|Any CPU.ActiveCfg = Release|Any CPU
		{9DE1C60E-0F8C-FD83-1160-2486AFE4010E}.Release|Any CPU.Build.0 = Release|Any CPU
	EndGlobalSection
	GlobalSection(SolutionProperties) = preSolution
		HideSolutionNode = FALSE
	EndGlobalSection
EndGlobal
